
Microsoft Visual Studio Solution File, Format Version 11.00
# Visual Studio 2010
Project("{FAE04EC0-301F-11D3-BF4B-00C04F79EFBC}") = "Unity.iOS.Extensions.XCode", "Xcode\Unity.iOS.Extensions.XCode.csproj", "{2301D70B-617E-49AB-97B4-0BF15CF8E167}"
EndProject
Project("{FAE04EC0-301F-11D3-BF4B-00C04F79EFBC}") = "Xcode.Tests", "Xcode.Tests\Xcode.Tests.csproj", "{3B4473E0-974C-4144-8DBE-0E60BC7D0CC5}"
EndProject
Global
	GlobalSection(SolutionConfigurationPlatforms) = preSolution
		Debug|Any CPU = Debug|Any CPU
	EndGlobalSection
	GlobalSection(ProjectConfigurationPlatforms) = postSolution
		{2301D70B-617E-49AB-97B4-0BF15CF8E167}.Debug|Any CPU.ActiveCfg = Debug|Any CPU
		{2301D70B-617E-49AB-97B4-0BF15CF8E167}.Debug|Any CPU.Build.0 = Debug|Any CPU
		{3B4473E0-974C-4144-8DBE-0E60BC7D0CC5}.Debug|Any CPU.ActiveCfg = Debug|Any CPU
		{3B4473E0-974C-4144-8DBE-0E60BC7D0CC5}.Debug|Any CPU.Build.0 = Debug|Any CPU
	EndGlobalSection
	GlobalSection(MonoDevelopProperties) = preSolution
		Policies = $0
		$0.TextStylePolicy = $1
		$1.NoTabsAfterNonTabs = True
		$1.inheritsSet = VisualStudio
		$1.inheritsScope = text/plain
		$1.scope = text/x-csharp
		$0.CSharpFormattingPolicy = $2
		$2.inheritsSet = Mono
		$2.inheritsScope = text/x-csharp
		$2.scope = text/x-csharp
		$0.TextStylePolicy = $3
		$3.FileWidth = 120
		$3.NoTabsAfterNonTabs = True
		$3.inheritsSet = VisualStudio
		$3.inheritsScope = text/plain
		$3.scope = text/plain
	EndGlobalSection
EndGlobal
